
Microsoft Visual Studio Solution File, Format Version 12.00
# Visual Studio Version 17
VisualStudioVersion = 17.10.35027.167
MinimumVisualStudioVersion = 10.0.40219.1
Project("{8BC9CEB8-8B4A-11D0-8D11-00A0C91BC942}") = "Bank-Management-Program", "Bank-Management-Program.vcxproj", "{63EB0059-2229-43EC-9B5D-B61B6C4D4721}"
EndProject
Project("{FAE04EC0-301F-11D3-BF4B-00C04F79EFBC}") = "BMS_application", "..\BMS_application\BMS_application.csproj", "{07EE1E06-B64E-4B21-A210-695EF9A6ABFA}"
EndProject
Project("{8BC9CEB8-8B4A-11D0-8D11-00A0C91BC942}") = "BMSDLL", "..\BMSDLL\BMSDLL.vcxproj", "{2D055D8B-9C8E-40AF-BD9E-A01B2E4EBCB7}"
EndProject
Global
	GlobalSection(SolutionConfigurationPlatforms) = preSolution
		Debug|Any CPU = Debug|Any CPU
		Debug|x64 = Debug|x64
		Debug|x86 = Debug|x86
		Release|Any CPU = Release|Any CPU
		Release|x64 = Release|x64
		Release|x86 = Release|x86
	EndGlobalSection
	GlobalSection(ProjectConfigurationPlatforms) = postSolution
		{63EB0059-2229-43EC-9B5D-B61B6C4D4721}.Debug|Any CPU.ActiveCfg = Debug|x64
		{63EB0059-2229-43EC-9B5D-B61B6C4D4721}.Debug|Any CPU.Build.0 = Debug|x64
		{63EB0059-2229-43EC-9B5D-B61B6C4D4721}.Debug|x64.ActiveCfg = Debug|x64
		{63EB0059-2229-43EC-9B5D-B61B6C4D4721}.Debug|x64.Build.0 = Debug|x64
		{63EB0059-2229-43EC-9B5D-B61B6C4D4721}.Debug|x86.ActiveCfg = Debug|Win32
		{63EB0059-2229-43EC-9B5D-B61B6C4D4721}.Debug|x86.Build.0 = Debug|Win32
		{63EB0059-2229-43EC-9B5D-B61B6C4D4721}.Release|Any CPU.ActiveCfg = Release|x64
		{63EB0059-2229-43EC-9B5D-B61B6C4D4721}.Release|Any CPU.Build.0 = Release|x64
		{63EB0059-2229-43EC-9B5D-B61B6C4D4721}.Release|x64.ActiveCfg = Release|x64
		{63EB0059-2229-43EC-9B5D-B61B6C4D4721}.Release|x64.Build.0 = Release|x64
		{63EB0059-2229-43EC-9B5D-B61B6C4D4721}.Release|x86.ActiveCfg = Release|Win32
		{63EB0059-2229-43EC-9B5D-B61B6C4D4721}.Release|x86.Build.0 = Release|Win32
		{07EE1E06-B64E-4B21-A210-695EF9A6ABFA}.Debug|Any CPU.ActiveCfg = Debug|Any CPU
		{07EE1E06-B64E-4B21-A210-695EF9A6ABFA}.Debug|Any CPU.Build.0 = Debug|Any CPU
		{07EE1E06-B64E-4B21-A210-695EF9A6ABFA}.Debug|x64.ActiveCfg = Debug|Any CPU
		{07EE1E06-B64E-4B21-A210-695EF9A6ABFA}.Debug|x64.Build.0 = Debug|Any CPU
		{07EE1E06-B64E-4B21-A210-695EF9A6ABFA}.Debug|x86.ActiveCfg = Debug|Any CPU
		{07EE1E06-B64E-4B21-A210-695EF9A6ABFA}.Debug|x86.Build.0 = Debug|Any CPU
		{07EE1E06-B64E-4B21-A210-695EF9A6ABFA}.Release|Any CPU.ActiveCfg = Release|Any CPU
		{07EE1E06-B64E-4B21-A210-695EF9A6ABFA}.Release|Any CPU.Build.0 = Release|Any CPU
		{07EE1E06-B64E-4B21-A210-695EF9A6ABFA}.Release|x64.ActiveCfg = Release|Any CPU
		{07EE1E06-B64E-4B21-A210-695EF9A6ABFA}.Release|x64.Build.0 = Release|Any CPU
		{07EE1E06-B64E-4B21-A210-695EF9A6ABFA}.Release|x86.ActiveCfg = Release|Any CPU
		{07EE1E06-B64E-4B21-A210-695EF9A6ABFA}.Release|x86.Build.0 = Release|Any CPU
		{2D055D8B-9C8E-40AF-BD9E-A01B2E4EBCB7}.Debug|Any CPU.ActiveCfg = Debug|x64
		{2D055D8B-9C8E-40AF-BD9E-A01B2E4EBCB7}.Debug|Any CPU.Build.0 = Debug|x64
		{2D055D8B-9C8E-40AF-BD9E-A01B2E4EBCB7}.Debug|x64.ActiveCfg = Debug|x64
		{2D055D8B-9C8E-40AF-BD9E-A01B2E4EBCB7}.Debug|x64.Build.0 = Debug|x64
		{2D055D8B-9C8E-40AF-BD9E-A01B2E4EBCB7}.Debug|x86.ActiveCfg = Debug|Win32
		{2D055D8B-9C8E-40AF-BD9E-A01B2E4EBCB7}.Debug|x86.Build.0 = Debug|Win32
		{2D055D8B-9C8E-40AF-BD9E-A01B2E4EBCB7}.Release|Any CPU.ActiveCfg = Release|x64
		{2D055D8B-9C8E-40AF-BD9E-A01B2E4EBCB7}.Release|Any CPU.Build.0 = Release|x64
		{2D055D8B-9C8E-40AF-BD9E-A01B2E4EBCB7}.Release|x64.ActiveCfg = Release|x64
		{2D055D8B-9C8E-40AF-BD9E-A01B2E4EBCB7}.Release|x64.Build.0 = Release|x64
		{2D055D8B-9C8E-40AF-BD9E-A01B2E4EBCB7}.Release|x86.ActiveCfg = Release|Win32
		{2D055D8B-9C8E-40AF-BD9E-A01B2E4EBCB7}.Release|x86.Build.0 = Release|Win32
	EndGlobalSection
	GlobalSection(SolutionProperties) = preSolution
		HideSolutionNode = FALSE
	EndGlobalSection
	GlobalSection(ExtensibilityGlobals) = postSolution
		SolutionGuid = {589B4DED-AA4A-4A57-A813-CD35F3C9E24A}
	EndGlobalSection
EndGlobal
